
Microsoft Visual Studio Solution File, Format Version 12.00
Project("{FAE04EC0-301F-11D3-BF4B-00C04F79EFBC}") = "web", "web\web.csproj", "{D6DBF6C1-4E7B-472C-A565-4601C923C9C7}"
EndProject
Project("{2150E333-8FDC-42A3-9474-1A3956D46DE8}") = "docs", "docs", "{689E406B-3CFA-4757-ACD8-E20BCA726DA1}"
	ProjectSection(SolutionItems) = preProject
		docs\links.txt = docs\links.txt
	EndProjectSection
EndProject
Global
	GlobalSection(SolutionConfigurationPlatforms) = preSolution
		Debug|Any CPU = Debug|Any CPU
		Release|Any CPU = Release|Any CPU
	EndGlobalSection
	GlobalSection(ProjectConfigurationPlatforms) = postSolution
		{D6DBF6C1-4E7B-472C-A565-4601C923C9C7}.Debug|Any CPU.ActiveCfg = Debug|Any CPU
		{D6DBF6C1-4E7B-472C-A565-4601C923C9C7}.Debug|Any CPU.Build.0 = Debug|Any CPU
		{D6DBF6C1-4E7B-472C-A565-4601C923C9C7}.Release|Any CPU.ActiveCfg = Release|Any CPU
		{D6DBF6C1-4E7B-472C-A565-4601C923C9C7}.Release|Any CPU.Build.0 = Release|Any CPU
	EndGlobalSection
EndGlobal
