Microsoft Visual Studio Solution File, Format Version 12.00
# Visual Studio Version 17
VisualStudioVersion = 17.5.2.0
MinimumVisualStudioVersion = 10.0.40219.1
Project("{FAE04EC0-301F-11D3-BF4B-00C04F79EFBC}") = "Gen.Lib", "Gen.Lib.csproj", "{159CB6DD-B799-7D22-5639-33D447BD1981}"
EndProject
Global
	GlobalSection(SolutionConfigurationPlatforms) = preSolution
		Debug|Any CPU = Debug|Any CPU
		Release|Any CPU = Release|Any CPU
	EndGlobalSection
	GlobalSection(ProjectConfigurationPlatforms) = postSolution
		{159CB6DD-B799-7D22-5639-33D447BD1981}.Debug|Any CPU.ActiveCfg = Debug|Any CPU
		{159CB6DD-B799-7D22-5639-33D447BD1981}.Debug|Any CPU.Build.0 = Debug|Any CPU
		{159CB6DD-B799-7D22-5639-33D447BD1981}.Release|Any CPU.ActiveCfg = Release|Any CPU
		{159CB6DD-B799-7D22-5639-33D447BD1981}.Release|Any CPU.Build.0 = Release|Any CPU
	EndGlobalSection
	GlobalSection(SolutionProperties) = preSolution
		HideSolutionNode = FALSE
	EndGlobalSection
	GlobalSection(ExtensibilityGlobals) = postSolution
		SolutionGuid = {65DAD135-02DA-4DA6-A087-EFC7D11B4C66}
	EndGlobalSection
EndGlobal
