
Microsoft Visual Studio Solution File, Format Version 12.00
# Visual Studio 15
VisualStudioVersion = 15.0.28307.852
MinimumVisualStudioVersion = 10.0.40219.1
Project("{FAE04EC0-301F-11D3-BF4B-00C04F79EFBC}") = "AspNetTypescript02", "AspNetTypescript02\AspNetTypescript02.csproj", "{FF42049F-C714-47D3-A848-7913AD6B9B40}"
EndProject
Global
	GlobalSection(SolutionConfigurationPlatforms) = preSolution
		Debug|Any CPU = Debug|Any CPU
		Release|Any CPU = Release|Any CPU
	EndGlobalSection
	GlobalSection(ProjectConfigurationPlatforms) = postSolution
		{FF42049F-C714-47D3-A848-7913AD6B9B40}.Debug|Any CPU.ActiveCfg = Debug|Any CPU
		{FF42049F-C714-47D3-A848-7913AD6B9B40}.Debug|Any CPU.Build.0 = Debug|Any CPU
		{FF42049F-C714-47D3-A848-7913AD6B9B40}.Release|Any CPU.ActiveCfg = Release|Any CPU
		{FF42049F-C714-47D3-A848-7913AD6B9B40}.Release|Any CPU.Build.0 = Release|Any CPU
	EndGlobalSection
	GlobalSection(SolutionProperties) = preSolution
		HideSolutionNode = FALSE
	EndGlobalSection
	GlobalSection(ExtensibilityGlobals) = postSolution
		SolutionGuid = {B592A4F9-9D61-49AF-A2CD-A994BF6160E0}
	EndGlobalSection
EndGlobal
