
Microsoft Visual Studio Solution File, Format Version 12.00
# Visual Studio Version 17
VisualStudioVersion = 17.12.35707.178 d17.12
MinimumVisualStudioVersion = 10.0.40219.1
Project("{2150E333-8FDC-42A3-9474-1A3956D46DE8}") = "_Items", "_Items", "{9EA47205-110B-42DD-87E0-BA5BA013B4E0}"
	ProjectSection(SolutionItems) = preProject
		Directory.Build.props = Directory.Build.props
		buildpdb.ps1 = buildpdb.ps1
	EndProjectSection
EndProject
Project("{FAE04EC0-301F-11D3-BF4B-00C04F79EFBC}") = "App", "app\App.csproj", "{1DFE5050-FB86-4095-A288-2CC3A08B15CE}"
EndProject
Project("{FAE04EC0-301F-11D3-BF4B-00C04F79EFBC}") = "App.Tests", "App.Tests\App.Tests.csproj", "{702A6715-827B-423E-924D-3414718A89D6}"
EndProject
Global
	GlobalSection(SolutionConfigurationPlatforms) = preSolution
		Debug|Any CPU = Debug|Any CPU
		Release|Any CPU = Release|Any CPU
		Publish|Any CPU = Publish|Any CPU
	EndGlobalSection
	GlobalSection(ProjectConfigurationPlatforms) = postSolution
		{1DFE5050-FB86-4095-A288-2CC3A08B15CE}.Debug|Any CPU.ActiveCfg = Debug|Any CPU
		{1DFE5050-FB86-4095-A288-2CC3A08B15CE}.Debug|Any CPU.Build.0 = Debug|Any CPU
		{1DFE5050-FB86-4095-A288-2CC3A08B15CE}.Release|Any CPU.ActiveCfg = Release|Any CPU
		{1DFE5050-FB86-4095-A288-2CC3A08B15CE}.Release|Any CPU.Build.0 = Release|Any CPU
		{1DFE5050-FB86-4095-A288-2CC3A08B15CE}.Publish|Any CPU.ActiveCfg = Publish|Any CPU
		{1DFE5050-FB86-4095-A288-2CC3A08B15CE}.Publish|Any CPU.Build.0 = Publish|Any CPU
		{702A6715-827B-423E-924D-3414718A89D6}.Debug|Any CPU.ActiveCfg = Debug|Any CPU
		{702A6715-827B-423E-924D-3414718A89D6}.Debug|Any CPU.Build.0 = Debug|Any CPU
		{702A6715-827B-423E-924D-3414718A89D6}.Release|Any CPU.ActiveCfg = Release|Any CPU
		{702A6715-827B-423E-924D-3414718A89D6}.Release|Any CPU.Build.0 = Release|Any CPU
		{702A6715-827B-423E-924D-3414718A89D6}.Publish|Any CPU.ActiveCfg = Publish|Any CPU
		{702A6715-827B-423E-924D-3414718A89D6}.Publish|Any CPU.Build.0 = Publish|Any CPU
	EndGlobalSection
	GlobalSection(SolutionProperties) = preSolution
		HideSolutionNode = FALSE
	EndGlobalSection
EndGlobal
